<?xml version="1.0" encoding="utf-8"?>
<Project ToolsVersion="4.0" xmlns="http://schemas.microsoft.com/developer/msbuild/2003">
  <ItemGroup>
    <ClCompile Include="public\tier1\checksum_crc.cpp">
      <Filter>Etc</Filter>
    </ClCompile>
    <ClCompile Include="public\tier0\memoverride.cpp">
      <Filter>Etc</Filter>
    </ClCompile>
    <ClCompile Include="Aimbot.cpp">
      <Filter>Source</Filter>
    </ClCompile>
    <ClCompile Include="Utilities.cpp">
      <Filter>Source</Filter>
    </ClCompile>
    <ClCompile Include="Cheat Menu.cpp">
      <Filter>Source</Filter>
    </ClCompile>
    <ClCompile Include="Client.cpp">
      <Filter>Source</Filter>
    </ClCompile>
    <ClCompile Include="Color Manager.cpp">
      <Filter>Source</Filter>
    </ClCompile>
    <ClCompile Include="Control Variables.cpp">
      <Filter>Source</Filter>
    </ClCompile>
    <ClCompile Include="CreateMove.cpp">
      <Filter>Source</Filter>
    </ClCompile>
    <ClCompile Include="DLLMain.cpp">
      <Filter>Source</Filter>
    </ClCompile>
    <ClCompile Include="Draw Manager.cpp">
      <Filter>Source</Filter>
    </ClCompile>
    <ClCompile Include="Extra Functions.cpp">
      <Filter>Source</Filter>
    </ClCompile>
    <ClCompile Include="File Manager.cpp">
      <Filter>Source</Filter>
    </ClCompile>
    <ClCompile Include="Font Manager.cpp">
      <Filter>Source</Filter>
    </ClCompile>
    <ClCompile Include="Memory Tools.cpp">
      <Filter>Source</Filter>
    </ClCompile>
    <ClCompile Include="PaintTraverse.cpp">
      <Filter>Source</Filter>
    </ClCompile>
    <ClCompile Include="Panels.cpp">
      <Filter>Source</Filter>
    </ClCompile>
    <ClCompile Include="Player ESP.cpp">
      <Filter>Source</Filter>
    </ClCompile>
    <ClCompile Include="Player Manager.cpp">
      <Filter>Source</Filter>
    </ClCompile>
    <ClCompile Include="public\vgui_controls\vgui_controls.cpp">
      <Filter>Etc</Filter>
    </ClCompile>
  </ItemGroup>
  <ItemGroup>
    <ClInclude Include="Build Config.h" />
    <ClInclude Include="Aimbot.h">
      <Filter>Header</Filter>
    </ClInclude>
    <ClInclude Include="Cheat Menu.h">
      <Filter>Header</Filter>
    </ClInclude>
    <ClInclude Include="Client.h">
      <Filter>Header</Filter>
    </ClInclude>
    <ClInclude Include="Color Manager.h">
      <Filter>Header</Filter>
    </ClInclude>
    <ClInclude Include="Control Variables.h">
      <Filter>Header</Filter>
    </ClInclude>
    <ClInclude Include="CreateMove.h">
      <Filter>Header</Filter>
    </ClInclude>
    <ClInclude Include="Draw Manager.h">
      <Filter>Header</Filter>
    </ClInclude>
    <ClInclude Include="Extra Functions.h">
      <Filter>Header</Filter>
    </ClInclude>
    <ClInclude Include="File Manager.h">
      <Filter>Header</Filter>
    </ClInclude>
    <ClInclude Include="Font Manager.h">
      <Filter>Header</Filter>
    </ClInclude>
    <ClInclude Include="Memory Tools.h">
      <Filter>Header</Filter>
    </ClInclude>
    <ClInclude Include="PaintTraverse.h">
      <Filter>Header</Filter>
    </ClInclude>
    <ClInclude Include="Panels.h">
      <Filter>Header</Filter>
    </ClInclude>
    <ClInclude Include="Player ESP.h">
      <Filter>Header</Filter>
    </ClInclude>
    <ClInclude Include="Player Manager.h">
      <Filter>Header</Filter>
    </ClInclude>
    <ClInclude Include="SDK.h">
      <Filter>Header</Filter>
    </ClInclude>
    <ClInclude Include="Utilities.h">
      <Filter>Header</Filter>
    </ClInclude>
    <ClInclude Include="VMT Hook.h">
      <Filter>Header</Filter>
    </ClInclude>
    <ClInclude Include="World Objects.h">
      <Filter>Header</Filter>
    </ClInclude>
    <ClInclude Include="public\mathlib\mathlib.h">
      <Filter>Etc</Filter>
    </ClInclude>
  </ItemGroup>
  <ItemGroup>
    <Filter Include="Header">
      <UniqueIdentifier>{9e592015-3936-46ac-a8e1-6468b4b895e2}</UniqueIdentifier>
    </Filter>
    <Filter Include="Etc">
      <UniqueIdentifier>{22edbe59-633e-416f-a178-833ccd5e53d1}</UniqueIdentifier>
    </Filter>
    <Filter Include="Source">
      <UniqueIdentifier>{3eb7004a-ca7a-4b1d-ab28-4a87478aa62e}</UniqueIdentifier>
    </Filter>
  </ItemGroup>
</Project>